
Microsoft Visual Studio Solution File, Format Version 12.00
# Visual Studio Version 17
VisualStudioVersion = 17.5.002.0
MinimumVisualStudioVersion = 10.0.40219.1
Project("{9A19103F-16F7-4668-BE54-9A1E7A4F7556}") = "array (2)", "array (2).csproj", "{D460B0DA-C2F9-4312-82B2-722D230FBAD5}"
EndProject
Global
	GlobalSection(SolutionConfigurationPlatforms) = preSolution
		Debug|Any CPU = Debug|Any CPU
		Release|Any CPU = Release|Any CPU
	EndGlobalSection
	GlobalSection(ProjectConfigurationPlatforms) = postSolution
		{D460B0DA-C2F9-4312-82B2-722D230FBAD5}.Debug|Any CPU.ActiveCfg = Debug|Any CPU
		{D460B0DA-C2F9-4312-82B2-722D230FBAD5}.Debug|Any CPU.Build.0 = Debug|Any CPU
		{D460B0DA-C2F9-4312-82B2-722D230FBAD5}.Release|Any CPU.ActiveCfg = Release|Any CPU
		{D460B0DA-C2F9-4312-82B2-722D230FBAD5}.Release|Any CPU.Build.0 = Release|Any CPU
	EndGlobalSection
	GlobalSection(SolutionProperties) = preSolution
		HideSolutionNode = FALSE
	EndGlobalSection
	GlobalSection(ExtensibilityGlobals) = postSolution
		SolutionGuid = {1423177D-A9C3-4D03-90AA-D5D567E860D2}
	EndGlobalSection
EndGlobal
